
Microsoft Visual Studio Solution File, Format Version 12.00
# Visual Studio Version 16
VisualStudioVersion = 16.0.32602.291
MinimumVisualStudioVersion = 10.0.40219.1
Project("{FAE04EC0-301F-11D3-BF4B-00C04F79EFBC}") = "ConsoleReadFromExcel", "ConsoleReadFromExcel\ConsoleReadFromExcel.csproj", "{3CB1A696-ED44-4B1B-983D-C88F5F5236BE}"
EndProject
Global
	GlobalSection(SolutionConfigurationPlatforms) = preSolution
		Debug|Any CPU = Debug|Any CPU
		Release|Any CPU = Release|Any CPU
	EndGlobalSection
	GlobalSection(ProjectConfigurationPlatforms) = postSolution
		{3CB1A696-ED44-4B1B-983D-C88F5F5236BE}.Debug|Any CPU.ActiveCfg = Debug|Any CPU
		{3CB1A696-ED44-4B1B-983D-C88F5F5236BE}.Debug|Any CPU.Build.0 = Debug|Any CPU
		{3CB1A696-ED44-4B1B-983D-C88F5F5236BE}.Release|Any CPU.ActiveCfg = Release|Any CPU
		{3CB1A696-ED44-4B1B-983D-C88F5F5236BE}.Release|Any CPU.Build.0 = Release|Any CPU
	EndGlobalSection
	GlobalSection(SolutionProperties) = preSolution
		HideSolutionNode = FALSE
	EndGlobalSection
	GlobalSection(ExtensibilityGlobals) = postSolution
		SolutionGuid = {1E0E64FF-8E35-4A28-B151-22543B58C272}
	EndGlobalSection
EndGlobal
